
Microsoft Visual Studio Solution File, Format Version 12.00
# Visual Studio 15
VisualStudioVersion = 15.0.28307.1082
MinimumVisualStudioVersion = 10.0.40219.1
Project("{FAE04EC0-301F-11D3-BF4B-00C04F79EFBC}") = "webb", "webb\webb.csproj", "{F94AE81D-657E-405B-80B4-8AA5FC1C3CFE}"
EndProject
Global
	GlobalSection(SolutionConfigurationPlatforms) = preSolution
		Debug|Any CPU = Debug|Any CPU
		Release|Any CPU = Release|Any CPU
	EndGlobalSection
	GlobalSection(ProjectConfigurationPlatforms) = postSolution
		{F94AE81D-657E-405B-80B4-8AA5FC1C3CFE}.Debug|Any CPU.ActiveCfg = Debug|Any CPU
		{F94AE81D-657E-405B-80B4-8AA5FC1C3CFE}.Debug|Any CPU.Build.0 = Debug|Any CPU
		{F94AE81D-657E-405B-80B4-8AA5FC1C3CFE}.Release|Any CPU.ActiveCfg = Release|Any CPU
		{F94AE81D-657E-405B-80B4-8AA5FC1C3CFE}.Release|Any CPU.Build.0 = Release|Any CPU
	EndGlobalSection
	GlobalSection(SolutionProperties) = preSolution
		HideSolutionNode = FALSE
	EndGlobalSection
	GlobalSection(ExtensibilityGlobals) = postSolution
		SolutionGuid = {CFD05387-6A0B-46B6-B3A7-AFDCCCBE5973}
	EndGlobalSection
EndGlobal
